{
  "nodes": {
    "ckiee": {
      "locked": {
        "lastModified": 1651228769,
        "narHash": "sha256-7aO7XxunWR5FUdwZBrNgXWt1xD6posMo7nLubIEbh50=",
        "owner": "ckiee",
        "repo": "nixpkgs",
        "rev": "b123419b91b91afce08491861a6dd7069e2ba949",
        "type": "github"
      },
      "original": {
        "owner": "ckiee",
        "ref": "gpt2simple-py-init",
        "repo": "nixpkgs",
        "type": "github"
      }
    },
    "gomod2nix": {
      "inputs": {
        "nixpkgs": [
          "nixpkgs"
        ],
        "utils": [
          "utils"
        ]
      },
      "locked": {
        "lastModified": 1662501203,
        "narHash": "sha256-4BKeqCX2zwgBiTdlc2DjGQ0CttKm0vSw0r/bdFdM/PQ=",
        "owner": "tweag",
        "repo": "gomod2nix",
        "rev": "89cd0675b96775aa3ee86e7c0cf5bc238dd27976",
        "type": "github"
      },
      "original": {
        "owner": "tweag",
        "repo": "gomod2nix",
        "type": "github"
      }
    },
    "nixpkgs": {
      "locked": {
        "lastModified": 1669411043,
        "narHash": "sha256-LfPd3+EY+jaIHTRIEOUtHXuanxm59YKgUacmSzaqMLc=",
        "owner": "NixOS",
        "repo": "nixpkgs",
        "rev": "5dc7114b7b256d217fe7752f1614be2514e61bb8",
        "type": "github"
      },
      "original": {
        "id": "nixpkgs",
        "ref": "nixos-unstable",
        "type": "indirect"
      }
    },
    "nixpkgs_2": {
      "locked": {
        "lastModified": 1662019588,
        "narHash": "sha256-oPEjHKGGVbBXqwwL+UjsveJzghWiWV0n9ogo1X6l4cw=",
        "owner": "NixOS",
        "repo": "nixpkgs",
        "rev": "2da64a81275b68fdad38af669afeda43d401e94b",
        "type": "github"
      },
      "original": {
        "id": "nixpkgs",
        "ref": "nixos-unstable",
        "type": "indirect"
      }
    },
    "portable-svc": {
      "inputs": {
        "nixpkgs": "nixpkgs_2"
      },
      "locked": {
        "lastModified": 1662398951,
        "narHash": "sha256-E6kcB8SZQB+N37/AVxmMrUXzt/i/Herqp8DH7pBAmWw=",
        "ref": "main",
        "rev": "e2683a1c4ca5c42f47956c0ab46331d8a0f3be3d",
        "revCount": 7,
        "type": "git",
        "url": "https://tulpa.dev/cadey/portable-svc.git"
      },
      "original": {
        "ref": "main",
        "type": "git",
        "url": "https://tulpa.dev/cadey/portable-svc.git"
      }
    },
    "root": {
      "inputs": {
        "ckiee": "ckiee",
        "gomod2nix": "gomod2nix",
        "nixpkgs": "nixpkgs",
        "portable-svc": "portable-svc",
        "rust-overlay": "rust-overlay",
        "utils": "utils"
      }
    },
    "rust-overlay": {
      "inputs": {
        "flake-utils": [
          "utils"
        ],
        "nixpkgs": [
          "nixpkgs"
        ]
      },
      "locked": {
        "lastModified": 1669516540,
        "narHash": "sha256-KzAKsPr6s77I2/0wWJ2tSY7Ca5Av/bqfw3aUv8lbuH4=",
        "owner": "oxalica",
        "repo": "rust-overlay",
        "rev": "d99b1e8e21de25b97cbadb413d3510cec0ba5bc5",
        "type": "github"
      },
      "original": {
        "owner": "oxalica",
        "repo": "rust-overlay",
        "type": "github"
      }
    },
    "utils": {
      "locked": {
        "lastModified": 1667395993,
        "narHash": "sha256-nuEHfE/LcWyuSWnS8t12N1wc105Qtau+/OdUAjtQ0rA=",
        "owner": "numtide",
        "repo": "flake-utils",
        "rev": "5aed5285a952e0b949eb3ba02c12fa4fcfef535f",
        "type": "github"
      },
      "original": {
        "owner": "numtide",
        "repo": "flake-utils",
        "type": "github"
      }
    }
  },
  "root": "root",
  "version": 7
}
