memo = ""

[[projects]]
  branch = "master"
  name = "github.com/ThomasRooney/gexpect"
  packages = ["."]
  revision = "5482f03509440585d13d8f648989e05903001842"

[[projects]]
  branch = "master"
  name = "github.com/ailncode/gluaxmlpath"
  packages = ["."]
  revision = "6ce478ecb4a60c4fc8929838e0b21b7fb7ca7440"

[[projects]]
  branch = "master"
  name = "github.com/brandur/simplebox"
  packages = ["."]
  revision = "84e9865bb03ad38c464043bf5382ce8c68ca5f0c"

[[projects]]
  branch = "master"
  name = "github.com/cjoudrey/gluahttp"
  packages = ["."]
  revision = "b4bfe0c50fea948dcbf3966e120996d6607bbd89"

[[projects]]
  branch = "master"
  name = "github.com/cjoudrey/gluaurl"
  packages = ["."]
  revision = "31cbb9bef199454415879f2e6d609d1136d60cad"

[[projects]]
  branch = "master"
  name = "github.com/howeyc/gopass"
  packages = ["."]
  revision = "bf9dde6d0d2c004a008c27aaee91170c786f6db8"

[[projects]]
  branch = "master"
  name = "github.com/kballard/go-shellquote"
  packages = ["."]
  revision = "d8ec1a69a250a17bb0e419c386eac1f3711dc142"

[[projects]]
  branch = "master"
  name = "github.com/kohkimakimoto/gluaenv"
  packages = ["."]
  revision = "2888db6bbe38923d59c42e443895875cc8ce0820"

[[projects]]
  branch = "master"
  name = "github.com/kohkimakimoto/gluafs"
  packages = ["."]
  revision = "01391ed2d7ab89dc80157605b073403f960aa223"

[[projects]]
  branch = "master"
  name = "github.com/kohkimakimoto/gluaquestion"
  packages = ["."]
  revision = "311437c29ba54d027ad2af383661725ae2bfdcdc"

[[projects]]
  branch = "master"
  name = "github.com/kohkimakimoto/gluassh"
  packages = ["."]
  revision = "2a7bd48d7568de8230c87ac1ef4a4c481e45814d"

[[projects]]
  branch = "master"
  name = "github.com/kohkimakimoto/gluatemplate"
  packages = ["."]
  revision = "d9e2c9d6b00f069a9da377a9ac529c827c1c7d71"

[[projects]]
  branch = "master"
  name = "github.com/kohkimakimoto/gluayaml"
  packages = ["."]
  revision = "6fe413d49d73d785510ecf1529991ab0573e96c7"

[[projects]]
  branch = "master"
  name = "github.com/kr/fs"
  packages = ["."]
  revision = "2788f0dbd16903de03cb8186e5c7d97b69ad387b"

[[projects]]
  branch = "master"
  name = "github.com/kr/pty"
  packages = ["."]
  revision = "ce7fa45920dc37a92de8377972e52bc55ffa8d57"

[[projects]]
  branch = "master"
  name = "github.com/mitchellh/mapstructure"
  packages = ["."]
  revision = "cc8532a8e9a55ea36402aa21efdf403a60d34096"

[[projects]]
  branch = "master"
  name = "github.com/otm/gluaflag"
  packages = ["."]
  revision = "078088de689148194436293886e8e39809167332"

[[projects]]
  branch = "master"
  name = "github.com/otm/gluash"
  packages = ["."]
  revision = "e145c563986f0b91f740a758a84bca46c163aec7"

[[projects]]
  branch = "master"
  name = "github.com/pkg/sftp"
  packages = ["."]
  revision = "e84cc8c755ca39b7b64f510fe1fffc1b51f210a5"

[[projects]]
  branch = "master"
  name = "github.com/yookoala/realpath"
  packages = ["."]
  revision = "c416d99ab5ed256fa30c1f3bab73152deb59bb69"

[[projects]]
  branch = "master"
  name = "github.com/yuin/gluamapper"
  packages = ["."]
  revision = "d836955830e75240d46ce9f0e6d148d94f2e1d3a"

[[projects]]
  branch = "master"
  name = "github.com/yuin/gluare"
  packages = ["."]
  revision = "8e2742cd1bf2b904720ac66eca3c2091b2ea0720"

[[projects]]
  branch = "master"
  name = "github.com/yuin/gopher-lua"
  packages = [".","parse"]
  revision = "33ebc07735566cd0c3c4b69e2839d522cc389852"

[[projects]]
  branch = "master"
  name = "golang.org/x/crypto"
  packages = ["nacl/secretbox","ssh/terminal","ssh","ssh/agent"]
  revision = "dd85ac7e6a88fc6ca420478e934de5f1a42dd3c6"

[[projects]]
  branch = "master"
  name = "golang.org/x/net"
  packages = ["html"]
  revision = "66aacef3dd8a676686c7ae3716979581e8b03c47"

[[projects]]
  branch = "master"
  name = "golang.org/x/sys"
  packages = ["unix"]
  revision = "9ccfe848b9db8435a24c424abbc07a921adf1df5"

[[projects]]
  branch = "v2"
  name = "gopkg.in/xmlpath.v2"
  packages = ["."]
  revision = "860cbeca3ebcc600db0b213c0e83ad6ce91f5739"

[[projects]]
  branch = "master"
  name = "gopkg.in/yaml.v2"
  packages = ["."]
  revision = "cd8b52f8269e0feb286dfeef29f8fe4d5b397e0b"

[[projects]]
  branch = "master"
  name = "layeh.com/gopher-json"
  packages = ["."]
  revision = "c128cc74278be889c4381681712931976fe0d88b"

[[projects]]
  branch = "master"
  name = "layeh.com/gopher-luar"
  packages = ["."]
  revision = "80196fe2abc5682963fc7a5261f5a5d77509938b"
